
Microsoft Visual Studio Solution File, Format Version 12.00
# Visual Studio Version 17
VisualStudioVersion = 17.7.34024.191
MinimumVisualStudioVersion = 10.0.40219.1
Project("{FAE04EC0-301F-11D3-BF4B-00C04F79EFBC}") = "Laboratory work", "Laboratory work\Laboratory work.csproj", "{8692EA17-4192-404B-BC2D-F9EF237FE574}"
EndProject
Project("{FAE04EC0-301F-11D3-BF4B-00C04F79EFBC}") = "Home work", "Home work\Home work.csproj", "{B4BAD1AC-FD58-4010-88A2-19D4DE26FCFF}"
EndProject
Global
	GlobalSection(SolutionConfigurationPlatforms) = preSolution
		Debug|Any CPU = Debug|Any CPU
		Release|Any CPU = Release|Any CPU
	EndGlobalSection
	GlobalSection(ProjectConfigurationPlatforms) = postSolution
		{8692EA17-4192-404B-BC2D-F9EF237FE574}.Debug|Any CPU.ActiveCfg = Debug|Any CPU
		{8692EA17-4192-404B-BC2D-F9EF237FE574}.Debug|Any CPU.Build.0 = Debug|Any CPU
		{8692EA17-4192-404B-BC2D-F9EF237FE574}.Release|Any CPU.ActiveCfg = Release|Any CPU
		{8692EA17-4192-404B-BC2D-F9EF237FE574}.Release|Any CPU.Build.0 = Release|Any CPU
		{B4BAD1AC-FD58-4010-88A2-19D4DE26FCFF}.Debug|Any CPU.ActiveCfg = Debug|Any CPU
		{B4BAD1AC-FD58-4010-88A2-19D4DE26FCFF}.Debug|Any CPU.Build.0 = Debug|Any CPU
		{B4BAD1AC-FD58-4010-88A2-19D4DE26FCFF}.Release|Any CPU.ActiveCfg = Release|Any CPU
		{B4BAD1AC-FD58-4010-88A2-19D4DE26FCFF}.Release|Any CPU.Build.0 = Release|Any CPU
	EndGlobalSection
	GlobalSection(SolutionProperties) = preSolution
		HideSolutionNode = FALSE
	EndGlobalSection
	GlobalSection(ExtensibilityGlobals) = postSolution
		SolutionGuid = {887FF663-25D5-4E6B-B08E-081C95E91EE9}
	EndGlobalSection
EndGlobal
